
Microsoft Visual Studio Solution File, Format Version 12.00
# Visual Studio 15
VisualStudioVersion = 15.0.28010.2046
MinimumVisualStudioVersion = 10.0.40219.1
Project("{FAE04EC0-301F-11D3-BF4B-00C04F79EFBC}") = "MSTEST", "MSTEST\MSTEST.csproj", "{288F41BF-7BD9-4DFC-AA51-370A5E8A6054}"
EndProject
Project("{FAE04EC0-301F-11D3-BF4B-00C04F79EFBC}") = "ConsoleApp1", "ConsoleApp1\ConsoleApp1.csproj", "{BDF9B2F0-CE5E-4773-8D72-239788C989F7}"
EndProject
Global
	GlobalSection(SolutionConfigurationPlatforms) = preSolution
		Debug|Any CPU = Debug|Any CPU
		Release|Any CPU = Release|Any CPU
	EndGlobalSection
	GlobalSection(ProjectConfigurationPlatforms) = postSolution
		{288F41BF-7BD9-4DFC-AA51-370A5E8A6054}.Debug|Any CPU.ActiveCfg = Debug|Any CPU
		{288F41BF-7BD9-4DFC-AA51-370A5E8A6054}.Debug|Any CPU.Build.0 = Debug|Any CPU
		{288F41BF-7BD9-4DFC-AA51-370A5E8A6054}.Release|Any CPU.ActiveCfg = Release|Any CPU
		{288F41BF-7BD9-4DFC-AA51-370A5E8A6054}.Release|Any CPU.Build.0 = Release|Any CPU
		{BDF9B2F0-CE5E-4773-8D72-239788C989F7}.Debug|Any CPU.ActiveCfg = Debug|Any CPU
		{BDF9B2F0-CE5E-4773-8D72-239788C989F7}.Debug|Any CPU.Build.0 = Debug|Any CPU
		{BDF9B2F0-CE5E-4773-8D72-239788C989F7}.Release|Any CPU.ActiveCfg = Release|Any CPU
		{BDF9B2F0-CE5E-4773-8D72-239788C989F7}.Release|Any CPU.Build.0 = Release|Any CPU
	EndGlobalSection
	GlobalSection(SolutionProperties) = preSolution
		HideSolutionNode = FALSE
	EndGlobalSection
	GlobalSection(ExtensibilityGlobals) = postSolution
		SolutionGuid = {B5A8C490-3F2A-4B66-A53A-D7F476EDEF53}
	EndGlobalSection
EndGlobal
